
Microsoft Visual Studio Solution File, Format Version 12.00
# Visual Studio Version 16
VisualStudioVersion = 16.0.30128.74
MinimumVisualStudioVersion = 10.0.40219.1
Project("{FAE04EC0-301F-11D3-BF4B-00C04F79EFBC}") = "IndexerPrac", "IndexerPrac\IndexerPrac.csproj", "{C07E61ED-9739-48A4-9CC2-B4DCAB6765FF}"
EndProject
Global
	GlobalSection(SolutionConfigurationPlatforms) = preSolution
		Debug|Any CPU = Debug|Any CPU
		Release|Any CPU = Release|Any CPU
	EndGlobalSection
	GlobalSection(ProjectConfigurationPlatforms) = postSolution
		{C07E61ED-9739-48A4-9CC2-B4DCAB6765FF}.Debug|Any CPU.ActiveCfg = Debug|Any CPU
		{C07E61ED-9739-48A4-9CC2-B4DCAB6765FF}.Debug|Any CPU.Build.0 = Debug|Any CPU
		{C07E61ED-9739-48A4-9CC2-B4DCAB6765FF}.Release|Any CPU.ActiveCfg = Release|Any CPU
		{C07E61ED-9739-48A4-9CC2-B4DCAB6765FF}.Release|Any CPU.Build.0 = Release|Any CPU
	EndGlobalSection
	GlobalSection(SolutionProperties) = preSolution
		HideSolutionNode = FALSE
	EndGlobalSection
	GlobalSection(ExtensibilityGlobals) = postSolution
		SolutionGuid = {767472A8-54F7-4065-8A42-1722B24892F0}
	EndGlobalSection
EndGlobal
